
Microsoft Visual Studio Solution File, Format Version 12.00
# Visual Studio Version 17
VisualStudioVersion = 17.0.31903.59
MinimumVisualStudioVersion = 10.0.40219.1
Project("{FAE04EC0-301F-11D3-BF4B-00C04F79EFBC}") = "DataLayer", "DataLayer\DataLayer.csproj", "{ECD2FE7D-10F1-4117-9AEA-BA261C6979A0}"
EndProject
Project("{FAE04EC0-301F-11D3-BF4B-00C04F79EFBC}") = "Client_App", "Client_App\Client_App.csproj", "{280A5732-81A6-44F8-A05B-81F775F9B1C0}"
EndProject
Project("{FAE04EC0-301F-11D3-BF4B-00C04F79EFBC}") = "Client_MVC", "Client_MVC\Client_MVC.csproj", "{F71DFA21-CD6D-4422-97BE-4EF63C5DA3C7}"
EndProject
Global
	GlobalSection(SolutionConfigurationPlatforms) = preSolution
		Debug|Any CPU = Debug|Any CPU
		Release|Any CPU = Release|Any CPU
	EndGlobalSection
	GlobalSection(ProjectConfigurationPlatforms) = postSolution
		{ECD2FE7D-10F1-4117-9AEA-BA261C6979A0}.Debug|Any CPU.ActiveCfg = Debug|Any CPU
		{ECD2FE7D-10F1-4117-9AEA-BA261C6979A0}.Debug|Any CPU.Build.0 = Debug|Any CPU
		{ECD2FE7D-10F1-4117-9AEA-BA261C6979A0}.Release|Any CPU.ActiveCfg = Release|Any CPU
		{ECD2FE7D-10F1-4117-9AEA-BA261C6979A0}.Release|Any CPU.Build.0 = Release|Any CPU
		{280A5732-81A6-44F8-A05B-81F775F9B1C0}.Debug|Any CPU.ActiveCfg = Debug|Any CPU
		{280A5732-81A6-44F8-A05B-81F775F9B1C0}.Debug|Any CPU.Build.0 = Debug|Any CPU
		{280A5732-81A6-44F8-A05B-81F775F9B1C0}.Release|Any CPU.ActiveCfg = Release|Any CPU
		{280A5732-81A6-44F8-A05B-81F775F9B1C0}.Release|Any CPU.Build.0 = Release|Any CPU
		{F71DFA21-CD6D-4422-97BE-4EF63C5DA3C7}.Debug|Any CPU.ActiveCfg = Debug|Any CPU
		{F71DFA21-CD6D-4422-97BE-4EF63C5DA3C7}.Debug|Any CPU.Build.0 = Debug|Any CPU
		{F71DFA21-CD6D-4422-97BE-4EF63C5DA3C7}.Release|Any CPU.ActiveCfg = Release|Any CPU
		{F71DFA21-CD6D-4422-97BE-4EF63C5DA3C7}.Release|Any CPU.Build.0 = Release|Any CPU
	EndGlobalSection
	GlobalSection(SolutionProperties) = preSolution
		HideSolutionNode = FALSE
	EndGlobalSection
	GlobalSection(ExtensibilityGlobals) = postSolution
		SolutionGuid = {5E8AF527-26D0-4334-BC91-21BA540B61A1}
	EndGlobalSection
EndGlobal
